
Microsoft Visual Studio Solution File, Format Version 11.00
# Visual C++ Express 2010
Project("{8BC9CEB8-8B4A-11D0-8D11-00A0C91BC942}") = "MinCRT", "MinCRT\MinCRT.vcxproj", "{BF468B13-049D-46E9-8EAF-C1EE645CEC33}"
EndProject
Global
	GlobalSection(SolutionConfigurationPlatforms) = preSolution
		Debug|Win32 = Debug|Win32
		Release|Win32 = Release|Win32
	EndGlobalSection
	GlobalSection(ProjectConfigurationPlatforms) = postSolution
		{BF468B13-049D-46E9-8EAF-C1EE645CEC33}.Debug|Win32.ActiveCfg = Debug|Win32
		{BF468B13-049D-46E9-8EAF-C1EE645CEC33}.Debug|Win32.Build.0 = Debug|Win32
		{BF468B13-049D-46E9-8EAF-C1EE645CEC33}.Release|Win32.ActiveCfg = Release|Win32
		{BF468B13-049D-46E9-8EAF-C1EE645CEC33}.Release|Win32.Build.0 = Release|Win32
	EndGlobalSection
	GlobalSection(SolutionProperties) = preSolution
		HideSolutionNode = FALSE
	EndGlobalSection
EndGlobal
